<?xml version="1.0" encoding="utf-8"?>
<Project ToolsVersion="4.0" xmlns="http://schemas.microsoft.com/developer/msbuild/2003">
  <ItemGroup>
    <Filter Include="Source Files">
      <UniqueIdentifier>{4FC737F1-C7A5-4376-A066-2A32D752A2FF}</UniqueIdentifier>
      <Extensions>cpp;c;cc;cxx;def;odl;idl;hpj;bat;asm;asmx</Extensions>
    </Filter>
    <Filter Include="Source Files\util">
      <UniqueIdentifier>{5cdd1f78-6c92-45af-86fc-1ee53c0f0e98}</UniqueIdentifier>
    </Filter>
    <Filter Include="Source Files\impl">
      <UniqueIdentifier>{871b7d1e-6b33-483b-949e-18f1e0e687fe}</UniqueIdentifier>
    </Filter>
    <Filter Include="Source Files\settings">
      <UniqueIdentifier>{7f8b2d3d-b766-4c82-b577-2a2f1c9e68d2}</UniqueIdentifier>
    </Filter>
    <Filter Include="Source Files\impl\random">
      <UniqueIdentifier>{b0669399-fcff-45d7-941e-4077c1239faa}</UniqueIdentifier>
    </Filter>
    <Filter Include="Source Files\impl\calculators">
      <UniqueIdentifier>{3ea0e915-4ec8-459d-96ec-7eb299a88db7}</UniqueIdentifier>
    </Filter>
  </ItemGroup>
  <ItemGroup>
    <Text Include="result.txt" />
    <Text Include="todo.txt">
      <Filter>Source Files</Filter>
    </Text>
  </ItemGroup>
  <ItemGroup>
    <ClInclude Include="util\create_instance.h">
      <Filter>Source Files\util</Filter>
    </ClInclude>
    <ClInclude Include="util\stream_utils.h">
      <Filter>Source Files\util</Filter>
    </ClInclude>
    <ClInclude Include="util\timer.h">
      <Filter>Source Files\util</Filter>
    </ClInclude>
    <ClInclude Include="util\zip.h">
      <Filter>Source Files\util</Filter>
    </ClInclude>
    <ClInclude Include="impl\declare_random_generator.h">
      <Filter>Source Files\impl</Filter>
    </ClInclude>
    <ClInclude Include="impl\estimate.h">
      <Filter>Source Files\impl</Filter>
    </ClInclude>
    <ClInclude Include="impl\method.h">
      <Filter>Source Files\impl</Filter>
    </ClInclude>
    <ClInclude Include="impl\neumann_solver.h">
      <Filter>Source Files\impl</Filter>
    </ClInclude>
    <ClInclude Include="impl\printers.h">
      <Filter>Source Files\impl</Filter>
    </ClInclude>
    <ClInclude Include="impl\rnd_base.h">
      <Filter>Source Files\impl</Filter>
    </ClInclude>
    <ClInclude Include="impl\thread_mode.h">
      <Filter>Source Files\impl</Filter>
    </ClInclude>
    <ClInclude Include="impl\types.h">
      <Filter>Source Files\impl</Filter>
    </ClInclude>
    <ClInclude Include="util\range.h">
      <Filter>Source Files\util</Filter>
    </ClInclude>
    <ClInclude Include="util\traits.h">
      <Filter>Source Files\util</Filter>
    </ClInclude>
    <ClInclude Include="util\spinlock.h">
      <Filter>Source Files\util</Filter>
    </ClInclude>
    <ClInclude Include="settings\equation.h">
      <Filter>Source Files\settings</Filter>
    </ClInclude>
    <ClInclude Include="settings\settings.h">
      <Filter>Source Files\settings</Filter>
    </ClInclude>
    <ClInclude Include="impl\make_experiments.h">
      <Filter>Source Files\impl</Filter>
    </ClInclude>
    <ClInclude Include="impl\calculators\calculators_fwd.h">
      <Filter>Source Files\impl\calculators</Filter>
    </ClInclude>
    <ClInclude Include="impl\calculators\common.h">
      <Filter>Source Files\impl\calculators</Filter>
    </ClInclude>
    <ClInclude Include="impl\calculators\forked.h">
      <Filter>Source Files\impl\calculators</Filter>
    </ClInclude>
    <ClInclude Include="impl\calculators\single.h">
      <Filter>Source Files\impl\calculators</Filter>
    </ClInclude>
    <ClInclude Include="impl\calculators\forked_thread_pool.h">
      <Filter>Source Files\impl\calculators</Filter>
    </ClInclude>
    <ClInclude Include="util\thread_pool.h">
      <Filter>Source Files\util</Filter>
    </ClInclude>
    <ClInclude Include="impl\calculators\forked_common.h">
      <Filter>Source Files\impl\calculators</Filter>
    </ClInclude>
    <ClInclude Include="impl\random\halton.h">
      <Filter>Source Files\impl\random</Filter>
    </ClInclude>
    <ClInclude Include="impl\random\randomized_quasi.h">
      <Filter>Source Files\impl\random</Filter>
    </ClInclude>
    <ClInclude Include="impl\random\sobol.h">
      <Filter>Source Files\impl\random</Filter>
    </ClInclude>
    <ClInclude Include="impl\random\uniform_random.h">
      <Filter>Source Files\impl\random</Filter>
    </ClInclude>
    <ClInclude Include="util\unused.h">
      <Filter>Source Files\util</Filter>
    </ClInclude>
  </ItemGroup>
  <ItemGroup>
    <ClCompile Include="linear_monte_carlo.cpp">
      <Filter>Source Files</Filter>
    </ClCompile>
  </ItemGroup>
</Project>