<?xml version="1.0" encoding="utf-8"?>
<Project ToolsVersion="4.0" xmlns="http://schemas.microsoft.com/developer/msbuild/2003">
  <ItemGroup>
    <Filter Include="Source Files">
      <UniqueIdentifier>{4FC737F1-C7A5-4376-A066-2A32D752A2FF}</UniqueIdentifier>
      <Extensions>cpp;c;cc;cxx;def;odl;idl;hpj;bat;asm;asmx</Extensions>
    </Filter>
    <Filter Include="Source Files\util">
      <UniqueIdentifier>{5cdd1f78-6c92-45af-86fc-1ee53c0f0e98}</UniqueIdentifier>
    </Filter>
    <Filter Include="Source Files\impl">
      <UniqueIdentifier>{871b7d1e-6b33-483b-949e-18f1e0e687fe}</UniqueIdentifier>
    </Filter>
  </ItemGroup>
  <ItemGroup>
    <Text Include="result.txt" />
    <Text Include="todo.txt">
      <Filter>Source Files</Filter>
    </Text>
  </ItemGroup>
  <ItemGroup>
    <ClInclude Include="settings.h">
      <Filter>Source Files</Filter>
    </ClInclude>
    <ClInclude Include="util\create_instance.h">
      <Filter>Source Files\util</Filter>
    </ClInclude>
    <ClInclude Include="util\stream_utils.h">
      <Filter>Source Files\util</Filter>
    </ClInclude>
    <ClInclude Include="util\timer.h">
      <Filter>Source Files\util</Filter>
    </ClInclude>
    <ClInclude Include="util\zip.h">
      <Filter>Source Files\util</Filter>
    </ClInclude>
    <ClInclude Include="equation.h">
      <Filter>Source Files</Filter>
    </ClInclude>
    <ClInclude Include="impl\calculators.h">
      <Filter>Source Files\impl</Filter>
    </ClInclude>
    <ClInclude Include="impl\declare_random_generator.h">
      <Filter>Source Files\impl</Filter>
    </ClInclude>
    <ClInclude Include="impl\estimate.h">
      <Filter>Source Files\impl</Filter>
    </ClInclude>
    <ClInclude Include="impl\halton.h">
      <Filter>Source Files\impl</Filter>
    </ClInclude>
    <ClInclude Include="impl\method.h">
      <Filter>Source Files\impl</Filter>
    </ClInclude>
    <ClInclude Include="impl\neumann_solver.h">
      <Filter>Source Files\impl</Filter>
    </ClInclude>
    <ClInclude Include="impl\printers.h">
      <Filter>Source Files\impl</Filter>
    </ClInclude>
    <ClInclude Include="impl\randomized_quasi.h">
      <Filter>Source Files\impl</Filter>
    </ClInclude>
    <ClInclude Include="impl\rnd_base.h">
      <Filter>Source Files\impl</Filter>
    </ClInclude>
    <ClInclude Include="impl\sobol.h">
      <Filter>Source Files\impl</Filter>
    </ClInclude>
    <ClInclude Include="impl\thread_mode.h">
      <Filter>Source Files\impl</Filter>
    </ClInclude>
    <ClInclude Include="impl\types.h">
      <Filter>Source Files\impl</Filter>
    </ClInclude>
    <ClInclude Include="impl\uniform_random.h">
      <Filter>Source Files\impl</Filter>
    </ClInclude>
    <ClInclude Include="util\range.h">
      <Filter>Source Files\util</Filter>
    </ClInclude>
    <ClInclude Include="util\traits.h">
      <Filter>Source Files\util</Filter>
    </ClInclude>
    <ClInclude Include="impl\calculators_fwd.h">
      <Filter>Source Files\impl</Filter>
    </ClInclude>
    <ClInclude Include="util\spinlock.h">
      <Filter>Source Files\util</Filter>
    </ClInclude>
  </ItemGroup>
  <ItemGroup>
    <ClCompile Include="linear_monte_carlo.cpp">
      <Filter>Source Files</Filter>
    </ClCompile>
  </ItemGroup>
</Project>